
Microsoft Visual Studio Solution File, Format Version 12.00
# Visual Studio Version 16
VisualStudioVersion = 16.0.29613.14
MinimumVisualStudioVersion = 10.0.40219.1
Project("{FAE04EC0-301F-11D3-BF4B-00C04F79EFBC}") = "DataAccess", "DataAccess\DataAccess.csproj", "{40ABEC62-1443-4376-A6ED-1048A487FB51}"
EndProject
Project("{FAE04EC0-301F-11D3-BF4B-00C04F79EFBC}") = "Entities", "Entities\Entities.csproj", "{71C83BFC-5627-418E-A350-21162AB00DC3}"
EndProject
Project("{FAE04EC0-301F-11D3-BF4B-00C04F79EFBC}") = "Business", "Business\Business.csproj", "{D79C2DD9-423C-4F20-8246-D539F46AF1CC}"
EndProject
Project("{FAE04EC0-301F-11D3-BF4B-00C04F79EFBC}") = "WebUI", "WebUI\WebUI.csproj", "{A6D9E0C6-5D9C-4925-8BAF-0C5969D332C8}"
EndProject
Global
	GlobalSection(SolutionConfigurationPlatforms) = preSolution
		Debug|Any CPU = Debug|Any CPU
		Release|Any CPU = Release|Any CPU
	EndGlobalSection
	GlobalSection(ProjectConfigurationPlatforms) = postSolution
		{40ABEC62-1443-4376-A6ED-1048A487FB51}.Debug|Any CPU.ActiveCfg = Debug|Any CPU
		{40ABEC62-1443-4376-A6ED-1048A487FB51}.Debug|Any CPU.Build.0 = Debug|Any CPU
		{40ABEC62-1443-4376-A6ED-1048A487FB51}.Release|Any CPU.ActiveCfg = Release|Any CPU
		{40ABEC62-1443-4376-A6ED-1048A487FB51}.Release|Any CPU.Build.0 = Release|Any CPU
		{71C83BFC-5627-418E-A350-21162AB00DC3}.Debug|Any CPU.ActiveCfg = Debug|Any CPU
		{71C83BFC-5627-418E-A350-21162AB00DC3}.Debug|Any CPU.Build.0 = Debug|Any CPU
		{71C83BFC-5627-418E-A350-21162AB00DC3}.Release|Any CPU.ActiveCfg = Release|Any CPU
		{71C83BFC-5627-418E-A350-21162AB00DC3}.Release|Any CPU.Build.0 = Release|Any CPU
		{D79C2DD9-423C-4F20-8246-D539F46AF1CC}.Debug|Any CPU.ActiveCfg = Debug|Any CPU
		{D79C2DD9-423C-4F20-8246-D539F46AF1CC}.Debug|Any CPU.Build.0 = Debug|Any CPU
		{D79C2DD9-423C-4F20-8246-D539F46AF1CC}.Release|Any CPU.ActiveCfg = Release|Any CPU
		{D79C2DD9-423C-4F20-8246-D539F46AF1CC}.Release|Any CPU.Build.0 = Release|Any CPU
		{A6D9E0C6-5D9C-4925-8BAF-0C5969D332C8}.Debug|Any CPU.ActiveCfg = Debug|Any CPU
		{A6D9E0C6-5D9C-4925-8BAF-0C5969D332C8}.Debug|Any CPU.Build.0 = Debug|Any CPU
		{A6D9E0C6-5D9C-4925-8BAF-0C5969D332C8}.Release|Any CPU.ActiveCfg = Release|Any CPU
		{A6D9E0C6-5D9C-4925-8BAF-0C5969D332C8}.Release|Any CPU.Build.0 = Release|Any CPU
	EndGlobalSection
	GlobalSection(SolutionProperties) = preSolution
		HideSolutionNode = FALSE
	EndGlobalSection
	GlobalSection(ExtensibilityGlobals) = postSolution
		SolutionGuid = {33B52EF1-2250-4064-B02E-167EB69F230D}
	EndGlobalSection
EndGlobal
